
Microsoft Visual Studio Solution File, Format Version 12.00
# Visual Studio 15
VisualStudioVersion = 15.0.28010.2026
MinimumVisualStudioVersion = 10.0.40219.1
Project("{9A19103F-16F7-4668-BE54-9A1E7A4F7556}") = "TestMySqlDataMissingAutoIncrementAnnotation", "TestMySqlDataMissingAutoIncrementAnnotation.csproj", "{AA74EF74-C9C3-413D-881E-E1ACACBD89DD}"
EndProject
Global
	GlobalSection(SolutionConfigurationPlatforms) = preSolution
		Debug|Any CPU = Debug|Any CPU
		Release|Any CPU = Release|Any CPU
	EndGlobalSection
	GlobalSection(ProjectConfigurationPlatforms) = postSolution
		{AA74EF74-C9C3-413D-881E-E1ACACBD89DD}.Debug|Any CPU.ActiveCfg = Debug|Any CPU
		{AA74EF74-C9C3-413D-881E-E1ACACBD89DD}.Debug|Any CPU.Build.0 = Debug|Any CPU
		{AA74EF74-C9C3-413D-881E-E1ACACBD89DD}.Release|Any CPU.ActiveCfg = Release|Any CPU
		{AA74EF74-C9C3-413D-881E-E1ACACBD89DD}.Release|Any CPU.Build.0 = Release|Any CPU
	EndGlobalSection
	GlobalSection(SolutionProperties) = preSolution
		HideSolutionNode = FALSE
	EndGlobalSection
	GlobalSection(ExtensibilityGlobals) = postSolution
		SolutionGuid = {77AD8A23-4DC4-48CB-BA6C-FD910A0CD428}
	EndGlobalSection
EndGlobal
